<?xml version="1.0" encoding="utf-8"?>
<Project ToolsVersion="4.0" xmlns="http://schemas.microsoft.com/developer/msbuild/2003">
  <ItemGroup>
    <Filter Include="Source Files">
      <UniqueIdentifier>{4FC737F1-C7A5-4376-A066-2A32D752A2FF}</UniqueIdentifier>
      <Extensions>cpp;c;cc;cxx;def;odl;idl;hpj;bat;asm;asmx</Extensions>
    </Filter>
    <Filter Include="Header Files">
      <UniqueIdentifier>{93995380-89BD-4b04-88EB-625FBE52EBFB}</UniqueIdentifier>
      <Extensions>h;hpp;hxx;hm;inl;inc;xsd</Extensions>
    </Filter>
    <Filter Include="Resource Files">
      <UniqueIdentifier>{67DA6AB6-F800-4c08-8B7A-83BB121AAD01}</UniqueIdentifier>
      <Extensions>rc;ico;cur;bmp;dlg;rc2;rct;bin;rgs;gif;jpg;jpeg;jpe;resx;tiff;tif;png;wav;mfcribbon-ms</Extensions>
    </Filter>
    <Filter Include="Source Files\decoders">
      <UniqueIdentifier>{f4ecbe23-228b-461b-b37f-d718e7ca92ae}</UniqueIdentifier>
    </Filter>
    <Filter Include="Header Files\Utils">
      <UniqueIdentifier>{d46aa122-7a45-44f2-a031-ad8e9b946ed2}</UniqueIdentifier>
    </Filter>
    <Filter Include="Source Files\Utils">
      <UniqueIdentifier>{09c5ceab-2ac8-4111-b2d1-d2c7379cb5c1}</UniqueIdentifier>
    </Filter>
  </ItemGroup>
  <ItemGroup>
    <ClCompile Include="SilentPatchSA.cpp">
      <Filter>Source Files</Filter>
    </ClCompile>
    <ClCompile Include="StdAfxSA.cpp">
      <Filter>Source Files</Filter>
    </ClCompile>
    <ClCompile Include="ScriptSA.cpp">
      <Filter>Source Files</Filter>
    </ClCompile>
    <ClCompile Include="TimerSA.cpp">
      <Filter>Source Files</Filter>
    </ClCompile>
    <ClCompile Include="VehicleSA.cpp">
      <Filter>Source Files</Filter>
    </ClCompile>
    <ClCompile Include="GeneralSA.cpp">
      <Filter>Source Files</Filter>
    </ClCompile>
    <ClCompile Include="ModelInfoSA.cpp">
      <Filter>Source Files</Filter>
    </ClCompile>
    <ClCompile Include="AudioHardwareSA.cpp">
      <Filter>Source Files</Filter>
    </ClCompile>
    <ClCompile Include="PNGFile.cpp">
      <Filter>Source Files</Filter>
    </ClCompile>
    <ClCompile Include="PedSA.cpp">
      <Filter>Source Files</Filter>
    </ClCompile>
    <ClCompile Include="WaveDecoderSA.cpp">
      <Filter>Source Files\decoders</Filter>
    </ClCompile>
    <ClCompile Include="FLACDecoderSA.cpp">
      <Filter>Source Files\decoders</Filter>
    </ClCompile>
    <ClCompile Include="..\SilentPatch\TheFLAUtils.cpp">
      <Filter>Source Files</Filter>
    </ClCompile>
    <ClCompile Include="PoolsSA.cpp">
      <Filter>Source Files</Filter>
    </ClCompile>
    <ClCompile Include="PlayerInfoSA.cpp">
      <Filter>Source Files</Filter>
    </ClCompile>
    <ClCompile Include="FireManagerSA.cpp">
      <Filter>Source Files</Filter>
    </ClCompile>
    <ClCompile Include="..\SilentPatch\Utils\Patterns.cpp">
      <Filter>Source Files\Utils</Filter>
    </ClCompile>
    <ClCompile Include="..\SilentPatch\SVF.cpp">
      <Filter>Source Files</Filter>
    </ClCompile>
    <ClCompile Include="..\SilentPatch\Desktop.cpp">
      <Filter>Source Files</Filter>
    </ClCompile>
    <ClCompile Include="..\SilentPatch\ParseUtils.cpp">
      <Filter>Source Files</Filter>
    </ClCompile>
    <ClCompile Include="..\SilentPatch\FriendlyMonitorNames.cpp">
      <Filter>Source Files</Filter>
    </ClCompile>
  </ItemGroup>
  <ItemGroup>
    <ClInclude Include="StdAfxSA.h">
      <Filter>Header Files</Filter>
    </ClInclude>
    <ClInclude Include="ScriptSA.h">
      <Filter>Header Files</Filter>
    </ClInclude>
    <ClInclude Include="TimerSA.h">
      <Filter>Header Files</Filter>
    </ClInclude>
    <ClInclude Include="VehicleSA.h">
      <Filter>Header Files</Filter>
    </ClInclude>
    <ClInclude Include="GeneralSA.h">
      <Filter>Header Files</Filter>
    </ClInclude>
    <ClInclude Include="ModelInfoSA.h">
      <Filter>Header Files</Filter>
    </ClInclude>
    <ClInclude Include="AudioHardwareSA.h">
      <Filter>Header Files</Filter>
    </ClInclude>
    <ClInclude Include="LinkListSA.h">
      <Filter>Header Files</Filter>
    </ClInclude>
    <ClInclude Include="PNGFile.h">
      <Filter>Header Files</Filter>
    </ClInclude>
    <ClInclude Include="PedSA.h">
      <Filter>Header Files</Filter>
    </ClInclude>
    <ClInclude Include="WaveDecoderSA.h">
      <Filter>Source Files\decoders</Filter>
    </ClInclude>
    <ClInclude Include="FLACDecoderSA.h">
      <Filter>Source Files\decoders</Filter>
    </ClInclude>
    <ClInclude Include="..\SilentPatch\TheFLAUtils.h">
      <Filter>Header Files</Filter>
    </ClInclude>
    <ClInclude Include="PoolsSA.h">
      <Filter>Header Files</Filter>
    </ClInclude>
    <ClInclude Include="..\SilentPatch\debugmenu_public.h">
      <Filter>Header Files</Filter>
    </ClInclude>
    <ClInclude Include="PlayerInfoSA.h">
      <Filter>Header Files</Filter>
    </ClInclude>
    <ClInclude Include="FireManagerSA.h">
      <Filter>Header Files</Filter>
    </ClInclude>
    <ClInclude Include="..\SilentPatch\Utils\DelimStringReader.h">
      <Filter>Header Files\Utils</Filter>
    </ClInclude>
    <ClInclude Include="..\SilentPatch\Utils\MemoryMgr.GTA.h">
      <Filter>Header Files\Utils</Filter>
    </ClInclude>
    <ClInclude Include="..\SilentPatch\Utils\MemoryMgr.h">
      <Filter>Header Files\Utils</Filter>
    </ClInclude>
    <ClInclude Include="..\SilentPatch\Utils\Patterns.h">
      <Filter>Header Files\Utils</Filter>
    </ClInclude>
    <ClInclude Include="..\SilentPatch\Maths.h">
      <Filter>Header Files</Filter>
    </ClInclude>
    <ClInclude Include="..\SilentPatch\SVF.h">
      <Filter>Header Files</Filter>
    </ClInclude>
    <ClInclude Include="..\SilentPatch\Desktop.h">
      <Filter>Header Files</Filter>
    </ClInclude>
    <ClInclude Include="..\SilentPatch\RWUtils.hpp">
      <Filter>Header Files</Filter>
    </ClInclude>
    <ClInclude Include="..\SilentPatch\ParseUtils.hpp">
      <Filter>Header Files</Filter>
    </ClInclude>
    <ClInclude Include="..\SilentPatch\Random.h">
      <Filter>Header Files</Filter>
    </ClInclude>
    <ClInclude Include="..\SilentPatch\FriendlyMonitorNames.h">
      <Filter>Header Files</Filter>
    </ClInclude>
    <ClInclude Include="resource.h">
      <Filter>Header Files</Filter>
    </ClInclude>
    <ClInclude Include="AnimationSA.h">
      <Filter>Header Files</Filter>
    </ClInclude>
  </ItemGroup>
  <ItemGroup>
    <Image Include="lunar64.png">
      <Filter>Resource Files</Filter>
    </Image>
  </ItemGroup>
  <ItemGroup>
    <ResourceCompile Include="SilentPatchSA.rc">
      <Filter>Resource Files</Filter>
    </ResourceCompile>
    <ResourceCompile Include="..\SilentPatch\SilentPatch.rc">
      <Filter>Resource Files</Filter>
    </ResourceCompile>
  </ItemGroup>
</Project>