<?xml version="1.0" encoding="utf-8"?>
<Project ToolsVersion="4.0" xmlns="http://schemas.microsoft.com/developer/msbuild/2003">
  <ItemGroup>
    <Filter Include="Source Files">
      <UniqueIdentifier>{4FC737F1-C7A5-4376-A066-2A32D752A2FF}</UniqueIdentifier>
      <Extensions>cpp;c;cc;cxx;def;odl;idl;hpj;bat;asm;asmx</Extensions>
    </Filter>
    <Filter Include="Header Files">
      <UniqueIdentifier>{93995380-89BD-4b04-88EB-625FBE52EBFB}</UniqueIdentifier>
      <Extensions>h;hpp;hxx;hm;inl;inc;xsd</Extensions>
    </Filter>
    <Filter Include="Resource Files">
      <UniqueIdentifier>{67DA6AB6-F800-4c08-8B7A-83BB121AAD01}</UniqueIdentifier>
      <Extensions>rc;ico;cur;bmp;dlg;rc2;rct;bin;rgs;gif;jpg;jpeg;jpe;resx;tiff;tif;png;wav;mfcribbon-ms</Extensions>
    </Filter>
    <Filter Include="Header Files\Utils">
      <UniqueIdentifier>{6f7b5bc0-8528-4f8e-a767-183d8c1abb17}</UniqueIdentifier>
    </Filter>
    <Filter Include="Source Files\Utils">
      <UniqueIdentifier>{66df9142-3ab6-4f22-aca5-69b4c3d9b475}</UniqueIdentifier>
    </Filter>
  </ItemGroup>
  <ItemGroup>
    <ClCompile Include="..\SilentPatch\Timer.cpp">
      <Filter>Source Files</Filter>
    </ClCompile>
    <ClCompile Include="SilentPatchIII.cpp">
      <Filter>Source Files</Filter>
    </ClCompile>
    <ClCompile Include="StdAfxIII.cpp">
      <Filter>Source Files</Filter>
    </ClCompile>
    <ClCompile Include="..\SilentPatch\Common.cpp">
      <Filter>Source Files</Filter>
    </ClCompile>
    <ClCompile Include="..\SilentPatch\Common_ddraw.cpp">
      <Filter>Source Files</Filter>
    </ClCompile>
    <ClCompile Include="..\SilentPatch\StoredCar.cpp">
      <Filter>Source Files</Filter>
    </ClCompile>
    <ClCompile Include="..\SilentPatch\Utils\Patterns.cpp">
      <Filter>Source Files\Utils</Filter>
    </ClCompile>
    <ClCompile Include="..\SilentPatch\RWGTA.cpp">
      <Filter>Source Files</Filter>
    </ClCompile>
    <ClCompile Include="ModelInfoIII.cpp">
      <Filter>Source Files</Filter>
    </ClCompile>
    <ClCompile Include="..\SilentPatch\SVF.cpp">
      <Filter>Source Files</Filter>
    </ClCompile>
    <ClCompile Include="..\SilentPatch\Desktop.cpp">
      <Filter>Source Files</Filter>
    </ClCompile>
    <ClCompile Include="..\SilentPatch\TheFLAUtils.cpp">
      <Filter>Source Files</Filter>
    </ClCompile>
    <ClCompile Include="..\SilentPatch\ParseUtils.cpp">
      <Filter>Source Files</Filter>
    </ClCompile>
  </ItemGroup>
  <ItemGroup>
    <ClInclude Include="..\SilentPatch\Timer.h">
      <Filter>Header Files</Filter>
    </ClInclude>
    <ClInclude Include="..\SilentPatch\StdAfx.h">
      <Filter>Header Files</Filter>
    </ClInclude>
    <ClInclude Include="VehicleIII.h">
      <Filter>Header Files</Filter>
    </ClInclude>
    <ClInclude Include="..\SilentPatch\Common_ddraw.h">
      <Filter>Header Files</Filter>
    </ClInclude>
    <ClInclude Include="..\SilentPatch\Common.h">
      <Filter>Header Files</Filter>
    </ClInclude>
    <ClInclude Include="..\SilentPatch\StoredCar.h">
      <Filter>Header Files</Filter>
    </ClInclude>
    <ClInclude Include="..\SilentPatch\Utils\MemoryMgr.h">
      <Filter>Header Files\Utils</Filter>
    </ClInclude>
    <ClInclude Include="..\SilentPatch\Utils\Patterns.h">
      <Filter>Header Files\Utils</Filter>
    </ClInclude>
    <ClInclude Include="..\SilentPatch\debugmenu_public.h">
      <Filter>Header Files</Filter>
    </ClInclude>
    <ClInclude Include="..\SilentPatch\Maths.h">
      <Filter>Header Files</Filter>
    </ClInclude>
    <ClInclude Include="ModelInfoIII.h">
      <Filter>Header Files</Filter>
    </ClInclude>
    <ClInclude Include="..\SilentPatch\SVF.h">
      <Filter>Header Files</Filter>
    </ClInclude>
    <ClInclude Include="..\SilentPatch\Desktop.h">
      <Filter>Header Files</Filter>
    </ClInclude>
    <ClInclude Include="..\SilentPatch\TheFLAUtils.h">
      <Filter>Header Files</Filter>
    </ClInclude>
    <ClInclude Include="..\SilentPatch\ParseUtils.hpp">
      <Filter>Header Files</Filter>
    </ClInclude>
    <ClInclude Include="..\SilentPatch\Random.h">
      <Filter>Header Files</Filter>
    </ClInclude>
    <ClInclude Include="..\SilentPatch\RWGTA.h">
      <Filter>Header Files</Filter>
    </ClInclude>
  </ItemGroup>
  <ItemGroup>
    <ResourceCompile Include="..\SilentPatch\SilentPatch.rc">
      <Filter>Resource Files</Filter>
    </ResourceCompile>
  </ItemGroup>
</Project>